
Microsoft Visual Studio Solution File, Format Version 12.00
# Visual Studio Version 16
VisualStudioVersion = 16.0.29411.108
MinimumVisualStudioVersion = 10.0.40219.1
Project("{9A19103F-16F7-4668-BE54-9A1E7A4F7556}") = "Samhammer.Logging", "Samhammer.Logging\Samhammer.Logging.csproj", "{73C69634-9976-4267-92A3-6AB616C7C23C}"
EndProject
Global
	GlobalSection(SolutionConfigurationPlatforms) = preSolution
		Debug|Any CPU = Debug|Any CPU
		Release|Any CPU = Release|Any CPU
	EndGlobalSection
	GlobalSection(ProjectConfigurationPlatforms) = postSolution
		{73C69634-9976-4267-92A3-6AB616C7C23C}.Debug|Any CPU.ActiveCfg = Debug|Any CPU
		{73C69634-9976-4267-92A3-6AB616C7C23C}.Debug|Any CPU.Build.0 = Debug|Any CPU
		{73C69634-9976-4267-92A3-6AB616C7C23C}.Release|Any CPU.ActiveCfg = Release|Any CPU
		{73C69634-9976-4267-92A3-6AB616C7C23C}.Release|Any CPU.Build.0 = Release|Any CPU
	EndGlobalSection
	GlobalSection(SolutionProperties) = preSolution
		HideSolutionNode = FALSE
	EndGlobalSection
	GlobalSection(ExtensibilityGlobals) = postSolution
		SolutionGuid = {0914AE3F-A7E7-4456-AEE4-8B4616F7CF3E}
	EndGlobalSection
EndGlobal
